<?xml version="1.0" encoding="utf-8"?>
<Project ToolsVersion="4.0" xmlns="http://schemas.microsoft.com/developer/msbuild/2003">
  <ItemGroup>
    <Filter Include="Source Files">
      <UniqueIdentifier>{4FC737F1-C7A5-4376-A066-2A32D752A2FF}</UniqueIdentifier>
      <Extensions>cpp;c;cc;cxx;def;odl;idl;hpj;bat;asm;asmx</Extensions>
    </Filter>
  </ItemGroup>
  <ItemGroup>
    <ClCompile Include="main.cpp">
      <Filter>Source Files</Filter>
    </ClCompile>
    <ClCompile Include="cniirsmetric.cpp">
      <Filter>Source Files</Filter>
    </ClCompile>
    <ClCompile Include="CBlurMetrics.cpp">
      <Filter>Source Files</Filter>
    </ClCompile>
    <ClCompile Include="libniirs.cpp">
      <Filter>Source Files</Filter>
    </ClCompile>
  </ItemGroup>
  <ItemGroup>
    <None Include="bin\opencv_world410.dll" />
    <None Include="bin\opencv_world410d.dll" />
    <None Include=".gitignore" />
    <None Include="bin\.gitignore" />
  </ItemGroup>
  <ItemGroup>
    <ClInclude Include="cniirsmetric.h" />
    <ClInclude Include="CBlurMetrics.h" />
    <ClInclude Include="libniirs.h" />
  </ItemGroup>
  <ItemGroup>
    <Text Include="CMakeLists.txt" />
  </ItemGroup>
  <ItemGroup>
    <Image Include="data\19-frame203129.jpg" />
    <Image Include="data\19-frame203129.png" />
    <Image Include="data\42.PNG" />
    <Image Include="data\2460.jpg" />
    <Image Include="data\bad.png" />
    <Image Include="data\green.png" />
    <Image Include="data\red.png" />
    <Image Include="data\yellow.png" />
  </ItemGroup>
</Project>